dependencies:
  esp-idf-lib/hd44780:
    component_hash: 61dbd00fd6c41489d01c70db4350617e16d0f99bd6deb81cfed5b30c9c298cf4
    dependencies: []
    source:
      registry_url: https://components.espressif.com/
      type: service
    targets:
    - esp32
    - esp32c2
    - esp32c3
    - esp32c5
    - esp32c6
    - esp32c61
    - esp32h2
    - esp32p4
    - esp32s2
    - esp32s3
    version: 1.3.0
  idf:
    source:
      type: idf
    version: 5.5.2
direct_dependencies:
- esp-idf-lib/hd44780
- idf
manifest_hash: dc4babcc9296b8013f1a5c6a4b29b003076becb1708d6c92117df87979e19d68
target: esp32
version: 2.0.0
